
Microsoft Visual Studio Solution File, Format Version 12.00
# Visual Studio 15
VisualStudioVersion = 15.0.28307.421
MinimumVisualStudioVersion = 10.0.40219.1
Project("{FAE04EC0-301F-11D3-BF4B-00C04F79EFBC}") = "dcontUploader", "dcontUploader\dcontUploader.csproj", "{7FFF8C4D-8038-4078-B5EC-0C28FC76FAD8}"
EndProject
Global
	GlobalSection(SolutionConfigurationPlatforms) = preSolution
		Debug|Any CPU = Debug|Any CPU
		Release|Any CPU = Release|Any CPU
	EndGlobalSection
	GlobalSection(ProjectConfigurationPlatforms) = postSolution
		{7FFF8C4D-8038-4078-B5EC-0C28FC76FAD8}.Debug|Any CPU.ActiveCfg = Debug|Any CPU
		{7FFF8C4D-8038-4078-B5EC-0C28FC76FAD8}.Debug|Any CPU.Build.0 = Debug|Any CPU
		{7FFF8C4D-8038-4078-B5EC-0C28FC76FAD8}.Release|Any CPU.ActiveCfg = Release|Any CPU
		{7FFF8C4D-8038-4078-B5EC-0C28FC76FAD8}.Release|Any CPU.Build.0 = Release|Any CPU
	EndGlobalSection
	GlobalSection(SolutionProperties) = preSolution
		HideSolutionNode = FALSE
	EndGlobalSection
	GlobalSection(ExtensibilityGlobals) = postSolution
		SolutionGuid = {D69D4993-13B2-4B1E-84B0-31D5660B0AD0}
	EndGlobalSection
EndGlobal
